
Microsoft Visual Studio Solution File, Format Version 12.00
# Visual Studio Version 16
VisualStudioVersion = 16.0.28803.352
MinimumVisualStudioVersion = 10.0.40219.1
Project("{2150E333-8FDC-42A3-9474-1A3956D46DE8}") = "Informer", "Informer", "{D9E1A58E-C6F7-44A8-B2A0-1F7CA672EB78}"
EndProject
Project("{2150E333-8FDC-42A3-9474-1A3956D46DE8}") = "Fixer", "Fixer", "{9FDBD975-45B2-4005-9D7D-5C23FA4F20C3}"
EndProject
Project("{2150E333-8FDC-42A3-9474-1A3956D46DE8}") = "Collector", "Collector", "{4CE62C97-92E3-4A0A-9AE3-45A3DED8DEAB}"
EndProject
Project("{2150E333-8FDC-42A3-9474-1A3956D46DE8}") = "Deployment", "Deployment", "{05980835-575A-465C-9276-9C40865A1E9D}"
	ProjectSection(SolutionItems) = preProject
		Deployment\initialsetup-akvflexvolume-daemonset.yaml = Deployment\initialsetup-akvflexvolume-daemonset.yaml
		Deployment\initialsetup-create-namespace.yaml = Deployment\initialsetup-create-namespace.yaml
		Deployment\initialsetup-rabbitmq.yaml = Deployment\initialsetup-rabbitmq.yaml
		Deployment\mandatesvcinformer-deployment.yaml = Deployment\mandatesvcinformer-deployment.yaml
	EndProjectSection
EndProject
Project("{2150E333-8FDC-42A3-9474-1A3956D46DE8}") = "CommonLib", "CommonLib", "{9547CCE3-288C-4F26-BFA7-A601385DA98E}"
EndProject
Project("{9A19103F-16F7-4668-BE54-9A1E7A4F7556}") = "Elenktis.Common.Configuration", "CommonLib\Elenktis.Common.Configuration\Elenktis.Common.Configuration.csproj", "{AB82B04D-AA4E-4293-904D-557262523503}"
EndProject
Project("{2150E333-8FDC-42A3-9474-1A3956D46DE8}") = "Tests", "Tests", "{17544DD5-A0A8-4491-A3C0-6A85A569D9EC}"
EndProject
Project("{2150E333-8FDC-42A3-9474-1A3956D46DE8}") = "CommonLib", "CommonLib", "{54282F07-BB52-4879-A169-A7F6E3271101}"
EndProject
Project("{9A19103F-16F7-4668-BE54-9A1E7A4F7556}") = "Test.Elenktis.CommonLib", "Tests\CommonLib\Test.Elenktis.CommonLib\Test.Elenktis.CommonLib.csproj", "{4451B133-E092-496D-B5F6-B4D0ECDDE439}"
EndProject
Project("{2150E333-8FDC-42A3-9474-1A3956D46DE8}") = "MandateServiceFixer", "MandateServiceFixer", "{6363D70A-F2C6-45E6-9FF0-972F0A953707}"
EndProject
Project("{9A19103F-16F7-4668-BE54-9A1E7A4F7556}") = "Elenktis.Fixer.MandateServiceFixer", "Fixer\MandateServiceFixer\Elenktis.Fixer.MandateServiceFixer\Elenktis.Fixer.MandateServiceFixer.csproj", "{111B4ACB-A846-4E88-B06D-6C5A920B7E2C}"
EndProject
Project("{2150E333-8FDC-42A3-9474-1A3956D46DE8}") = "MandateFeatureFixer", "MandateFeatureFixer", "{FA00A7B3-1B68-4B09-BFCC-78FF4D41F5FA}"
EndProject
Project("{2150E333-8FDC-42A3-9474-1A3956D46DE8}") = "DiagSettingsFixer", "DiagSettingsFixer", "{ECEFA8CF-12DF-48EE-8C0D-2D130FA9825B}"
EndProject
Project("{9A19103F-16F7-4668-BE54-9A1E7A4F7556}") = "Elenktis.Fixer.MandateFeatureFixer", "Fixer\MandateFeatureFixer\Elenktis.Fixer.MandateFeatureFixer\Elenktis.Fixer.MandateFeatureFixer.csproj", "{37C46CE2-C09A-432C-8FB9-94D19C319363}"
EndProject
Project("{9A19103F-16F7-4668-BE54-9A1E7A4F7556}") = "Elenktis.Fixer.DiagnosticSettingsFixer", "Fixer\DiagnosticSettingsFixer\Elenktis.Fixer.DiagnosticSettingsFixer\Elenktis.Fixer.DiagnosticSettingsFixer.csproj", "{3BAA19A6-F42D-4B78-8B66-BF51292277DC}"
EndProject
Project("{2150E333-8FDC-42A3-9474-1A3956D46DE8}") = "MandateServiceInformer", "MandateServiceInformer", "{D140BB24-0252-4534-9D84-D1666CF9591C}"
EndProject
Project("{2150E333-8FDC-42A3-9474-1A3956D46DE8}") = "MandateFeatureInformer", "MandateFeatureInformer", "{E672896E-9A6A-4EAD-90EE-A23F08221288}"
EndProject
Project("{2150E333-8FDC-42A3-9474-1A3956D46DE8}") = "DiagnosticSettingsInformer", "DiagnosticSettingsInformer", "{64C8166D-1521-412B-B20D-DBC44D7EDBE4}"
EndProject
Project("{9A19103F-16F7-4668-BE54-9A1E7A4F7556}") = "Elenktis.Common.Messaging", "CommonLib\Elenktis.Common.Messaging\Elenktis.Common.Messaging.csproj", "{20CCE0AC-FE5A-4996-815C-EDFDA4EB1FF3}"
EndProject
Project("{9A19103F-16F7-4668-BE54-9A1E7A4F7556}") = "Elenktis.Common.AzResourceManager", "CommonLib\Elenktis.Common.AzResourceManager\Elenktis.Common.AzResourceManager.csproj", "{17FBC81B-D1C7-4DE1-B526-D386F47A521C}"
EndProject
Project("{9A19103F-16F7-4668-BE54-9A1E7A4F7556}") = "Elenktis.Informer.MandateServiceInformer", "Informer\MandateServiceInformer\Elenktis.Informer.MandateServiceInformer.csproj", "{AA80E2DE-79EE-4784-AAC2-4CBBA3016FA9}"
EndProject
Project("{9A19103F-16F7-4668-BE54-9A1E7A4F7556}") = "Elenktis.Common.Command", "CommonLib\Elenktis.Common.Command\Elenktis.Common.Command.csproj", "{671F8A2D-5139-428A-B3BC-BA7064778088}"
EndProject
Project("{2150E333-8FDC-42A3-9474-1A3956D46DE8}") = "azure", "azure", "{C969A414-4158-451C-B65F-1AB9D81DABE9}"
	ProjectSection(SolutionItems) = preProject
		az-setup-elenktis.sh = az-setup-elenktis.sh
	EndProjectSection
EndProject
Global
	GlobalSection(SolutionConfigurationPlatforms) = preSolution
		Debug|Any CPU = Debug|Any CPU
		Release|Any CPU = Release|Any CPU
	EndGlobalSection
	GlobalSection(ProjectConfigurationPlatforms) = postSolution
		{AB82B04D-AA4E-4293-904D-557262523503}.Debug|Any CPU.ActiveCfg = Debug|Any CPU
		{AB82B04D-AA4E-4293-904D-557262523503}.Debug|Any CPU.Build.0 = Debug|Any CPU
		{AB82B04D-AA4E-4293-904D-557262523503}.Release|Any CPU.ActiveCfg = Release|Any CPU
		{AB82B04D-AA4E-4293-904D-557262523503}.Release|Any CPU.Build.0 = Release|Any CPU
		{4451B133-E092-496D-B5F6-B4D0ECDDE439}.Debug|Any CPU.ActiveCfg = Debug|Any CPU
		{4451B133-E092-496D-B5F6-B4D0ECDDE439}.Debug|Any CPU.Build.0 = Debug|Any CPU
		{4451B133-E092-496D-B5F6-B4D0ECDDE439}.Release|Any CPU.ActiveCfg = Release|Any CPU
		{4451B133-E092-496D-B5F6-B4D0ECDDE439}.Release|Any CPU.Build.0 = Release|Any CPU
		{111B4ACB-A846-4E88-B06D-6C5A920B7E2C}.Debug|Any CPU.ActiveCfg = Debug|Any CPU
		{111B4ACB-A846-4E88-B06D-6C5A920B7E2C}.Debug|Any CPU.Build.0 = Debug|Any CPU
		{111B4ACB-A846-4E88-B06D-6C5A920B7E2C}.Release|Any CPU.ActiveCfg = Release|Any CPU
		{111B4ACB-A846-4E88-B06D-6C5A920B7E2C}.Release|Any CPU.Build.0 = Release|Any CPU
		{37C46CE2-C09A-432C-8FB9-94D19C319363}.Debug|Any CPU.ActiveCfg = Debug|Any CPU
		{37C46CE2-C09A-432C-8FB9-94D19C319363}.Debug|Any CPU.Build.0 = Debug|Any CPU
		{37C46CE2-C09A-432C-8FB9-94D19C319363}.Release|Any CPU.ActiveCfg = Release|Any CPU
		{37C46CE2-C09A-432C-8FB9-94D19C319363}.Release|Any CPU.Build.0 = Release|Any CPU
		{3BAA19A6-F42D-4B78-8B66-BF51292277DC}.Debug|Any CPU.ActiveCfg = Debug|Any CPU
		{3BAA19A6-F42D-4B78-8B66-BF51292277DC}.Debug|Any CPU.Build.0 = Debug|Any CPU
		{3BAA19A6-F42D-4B78-8B66-BF51292277DC}.Release|Any CPU.ActiveCfg = Release|Any CPU
		{3BAA19A6-F42D-4B78-8B66-BF51292277DC}.Release|Any CPU.Build.0 = Release|Any CPU
		{20CCE0AC-FE5A-4996-815C-EDFDA4EB1FF3}.Debug|Any CPU.ActiveCfg = Debug|Any CPU
		{20CCE0AC-FE5A-4996-815C-EDFDA4EB1FF3}.Debug|Any CPU.Build.0 = Debug|Any CPU
		{20CCE0AC-FE5A-4996-815C-EDFDA4EB1FF3}.Release|Any CPU.ActiveCfg = Release|Any CPU
		{20CCE0AC-FE5A-4996-815C-EDFDA4EB1FF3}.Release|Any CPU.Build.0 = Release|Any CPU
		{17FBC81B-D1C7-4DE1-B526-D386F47A521C}.Debug|Any CPU.ActiveCfg = Debug|Any CPU
		{17FBC81B-D1C7-4DE1-B526-D386F47A521C}.Debug|Any CPU.Build.0 = Debug|Any CPU
		{17FBC81B-D1C7-4DE1-B526-D386F47A521C}.Release|Any CPU.ActiveCfg = Release|Any CPU
		{17FBC81B-D1C7-4DE1-B526-D386F47A521C}.Release|Any CPU.Build.0 = Release|Any CPU
		{AA80E2DE-79EE-4784-AAC2-4CBBA3016FA9}.Debug|Any CPU.ActiveCfg = Debug|Any CPU
		{AA80E2DE-79EE-4784-AAC2-4CBBA3016FA9}.Debug|Any CPU.Build.0 = Debug|Any CPU
		{AA80E2DE-79EE-4784-AAC2-4CBBA3016FA9}.Release|Any CPU.ActiveCfg = Release|Any CPU
		{AA80E2DE-79EE-4784-AAC2-4CBBA3016FA9}.Release|Any CPU.Build.0 = Release|Any CPU
		{671F8A2D-5139-428A-B3BC-BA7064778088}.Debug|Any CPU.ActiveCfg = Debug|Any CPU
		{671F8A2D-5139-428A-B3BC-BA7064778088}.Debug|Any CPU.Build.0 = Debug|Any CPU
		{671F8A2D-5139-428A-B3BC-BA7064778088}.Release|Any CPU.ActiveCfg = Release|Any CPU
		{671F8A2D-5139-428A-B3BC-BA7064778088}.Release|Any CPU.Build.0 = Release|Any CPU
	EndGlobalSection
	GlobalSection(SolutionProperties) = preSolution
		HideSolutionNode = FALSE
	EndGlobalSection
	GlobalSection(NestedProjects) = preSolution
		{AB82B04D-AA4E-4293-904D-557262523503} = {9547CCE3-288C-4F26-BFA7-A601385DA98E}
		{54282F07-BB52-4879-A169-A7F6E3271101} = {17544DD5-A0A8-4491-A3C0-6A85A569D9EC}
		{4451B133-E092-496D-B5F6-B4D0ECDDE439} = {54282F07-BB52-4879-A169-A7F6E3271101}
		{6363D70A-F2C6-45E6-9FF0-972F0A953707} = {9FDBD975-45B2-4005-9D7D-5C23FA4F20C3}
		{111B4ACB-A846-4E88-B06D-6C5A920B7E2C} = {6363D70A-F2C6-45E6-9FF0-972F0A953707}
		{FA00A7B3-1B68-4B09-BFCC-78FF4D41F5FA} = {9FDBD975-45B2-4005-9D7D-5C23FA4F20C3}
		{ECEFA8CF-12DF-48EE-8C0D-2D130FA9825B} = {9FDBD975-45B2-4005-9D7D-5C23FA4F20C3}
		{37C46CE2-C09A-432C-8FB9-94D19C319363} = {FA00A7B3-1B68-4B09-BFCC-78FF4D41F5FA}
		{3BAA19A6-F42D-4B78-8B66-BF51292277DC} = {ECEFA8CF-12DF-48EE-8C0D-2D130FA9825B}
		{D140BB24-0252-4534-9D84-D1666CF9591C} = {D9E1A58E-C6F7-44A8-B2A0-1F7CA672EB78}
		{E672896E-9A6A-4EAD-90EE-A23F08221288} = {D9E1A58E-C6F7-44A8-B2A0-1F7CA672EB78}
		{64C8166D-1521-412B-B20D-DBC44D7EDBE4} = {D9E1A58E-C6F7-44A8-B2A0-1F7CA672EB78}
		{20CCE0AC-FE5A-4996-815C-EDFDA4EB1FF3} = {9547CCE3-288C-4F26-BFA7-A601385DA98E}
		{17FBC81B-D1C7-4DE1-B526-D386F47A521C} = {9547CCE3-288C-4F26-BFA7-A601385DA98E}
		{AA80E2DE-79EE-4784-AAC2-4CBBA3016FA9} = {D140BB24-0252-4534-9D84-D1666CF9591C}
		{671F8A2D-5139-428A-B3BC-BA7064778088} = {9547CCE3-288C-4F26-BFA7-A601385DA98E}
		{C969A414-4158-451C-B65F-1AB9D81DABE9} = {05980835-575A-465C-9276-9C40865A1E9D}
	EndGlobalSection
	GlobalSection(ExtensibilityGlobals) = postSolution
		SolutionGuid = {85853AD1-2C2D-437A-BD98-860BE4CB5D5A}
	EndGlobalSection
EndGlobal
